
Microsoft Visual Studio Solution File, Format Version 12.00
# Visual Studio Version 17
VisualStudioVersion = 17.14.36518.9 d17.14
MinimumVisualStudioVersion = 10.0.40219.1
Project("{FAE04EC0-301F-11D3-BF4B-00C04F79EFBC}") = "MaquinaCafeAvaliacao", "MaquinaCafeAvaliacao.csproj", "{05FE3BBB-DAE6-480E-9BD7-BE2A546C8626}"
EndProject
Global
	GlobalSection(SolutionConfigurationPlatforms) = preSolution
		Debug|Any CPU = Debug|Any CPU
		Release|Any CPU = Release|Any CPU
	EndGlobalSection
	GlobalSection(ProjectConfigurationPlatforms) = postSolution
		{05FE3BBB-DAE6-480E-9BD7-BE2A546C8626}.Debug|Any CPU.ActiveCfg = Debug|Any CPU
		{05FE3BBB-DAE6-480E-9BD7-BE2A546C8626}.Debug|Any CPU.Build.0 = Debug|Any CPU
		{05FE3BBB-DAE6-480E-9BD7-BE2A546C8626}.Release|Any CPU.ActiveCfg = Release|Any CPU
		{05FE3BBB-DAE6-480E-9BD7-BE2A546C8626}.Release|Any CPU.Build.0 = Release|Any CPU
	EndGlobalSection
	GlobalSection(SolutionProperties) = preSolution
		HideSolutionNode = FALSE
	EndGlobalSection
	GlobalSection(ExtensibilityGlobals) = postSolution
		SolutionGuid = {D2DB555D-2C9F-4EE0-872A-7325A1E71B62}
	EndGlobalSection
EndGlobal
